
Microsoft Visual Studio Solution File, Format Version 12.00
# Visual Studio Version 17
VisualStudioVersion = 17.14.36401.2 d17.14
MinimumVisualStudioVersion = 10.0.40219.1
Project("{FAE04EC0-301F-11D3-BF4B-00C04F79EFBC}") = "StayHard", "StayHard\StayHard.csproj", "{B84C105D-B4E2-4B20-93C2-2FD53936D1D9}"
EndProject
Project("{FAE04EC0-301F-11D3-BF4B-00C04F79EFBC}") = "Application", "Application\Application.csproj", "{52602A0D-39C8-4A9C-80A7-307C8BDA66AE}"
EndProject
Global
	GlobalSection(SolutionConfigurationPlatforms) = preSolution
		Debug|Any CPU = Debug|Any CPU
		Release|Any CPU = Release|Any CPU
	EndGlobalSection
	GlobalSection(ProjectConfigurationPlatforms) = postSolution
		{B84C105D-B4E2-4B20-93C2-2FD53936D1D9}.Debug|Any CPU.ActiveCfg = Debug|Any CPU
		{B84C105D-B4E2-4B20-93C2-2FD53936D1D9}.Debug|Any CPU.Build.0 = Debug|Any CPU
		{B84C105D-B4E2-4B20-93C2-2FD53936D1D9}.Release|Any CPU.ActiveCfg = Release|Any CPU
		{B84C105D-B4E2-4B20-93C2-2FD53936D1D9}.Release|Any CPU.Build.0 = Release|Any CPU
		{52602A0D-39C8-4A9C-80A7-307C8BDA66AE}.Debug|Any CPU.ActiveCfg = Debug|Any CPU
		{52602A0D-39C8-4A9C-80A7-307C8BDA66AE}.Debug|Any CPU.Build.0 = Debug|Any CPU
		{52602A0D-39C8-4A9C-80A7-307C8BDA66AE}.Release|Any CPU.ActiveCfg = Release|Any CPU
		{52602A0D-39C8-4A9C-80A7-307C8BDA66AE}.Release|Any CPU.Build.0 = Release|Any CPU
	EndGlobalSection
	GlobalSection(SolutionProperties) = preSolution
		HideSolutionNode = FALSE
	EndGlobalSection
	GlobalSection(ExtensibilityGlobals) = postSolution
		SolutionGuid = {32AC5CC8-8B81-4099-B3AF-E4AAC2F1CD49}
	EndGlobalSection
EndGlobal
